
Microsoft Visual Studio Solution File, Format Version 12.00
# Visual Studio Version 17
VisualStudioVersion = 17.0.32014.148
MinimumVisualStudioVersion = 10.0.40219.1
Project("{9A19103F-16F7-4668-BE54-9A1E7A4F7556}") = "MediaPlayer", "MediaPlayer\MediaPlayer.csproj", "{5E62F838-0195-4F92-A46E-095753D469BD}"
EndProject
Project("{9A19103F-16F7-4668-BE54-9A1E7A4F7556}") = "Common", "Common\Common.csproj", "{1E9DC463-D9D1-4604-8B93-4F3E99834830}"
EndProject
Project("{FAE04EC0-301F-11D3-BF4B-00C04F79EFBC}") = "WebCamModule", "WebCamModule\WebCamModule.csproj", "{C8326867-DDE5-44C9-B59A-92A6DF1C72A7}"
EndProject
Global
	GlobalSection(SolutionConfigurationPlatforms) = preSolution
		Debug|Any CPU = Debug|Any CPU
		Release|Any CPU = Release|Any CPU
	EndGlobalSection
	GlobalSection(ProjectConfigurationPlatforms) = postSolution
		{5E62F838-0195-4F92-A46E-095753D469BD}.Debug|Any CPU.ActiveCfg = Debug|Any CPU
		{5E62F838-0195-4F92-A46E-095753D469BD}.Debug|Any CPU.Build.0 = Debug|Any CPU
		{5E62F838-0195-4F92-A46E-095753D469BD}.Release|Any CPU.ActiveCfg = Release|Any CPU
		{5E62F838-0195-4F92-A46E-095753D469BD}.Release|Any CPU.Build.0 = Release|Any CPU
		{1E9DC463-D9D1-4604-8B93-4F3E99834830}.Debug|Any CPU.ActiveCfg = Debug|Any CPU
		{1E9DC463-D9D1-4604-8B93-4F3E99834830}.Debug|Any CPU.Build.0 = Debug|Any CPU
		{1E9DC463-D9D1-4604-8B93-4F3E99834830}.Release|Any CPU.ActiveCfg = Release|Any CPU
		{1E9DC463-D9D1-4604-8B93-4F3E99834830}.Release|Any CPU.Build.0 = Release|Any CPU
		{C8326867-DDE5-44C9-B59A-92A6DF1C72A7}.Debug|Any CPU.ActiveCfg = Debug|Any CPU
		{C8326867-DDE5-44C9-B59A-92A6DF1C72A7}.Debug|Any CPU.Build.0 = Debug|Any CPU
		{C8326867-DDE5-44C9-B59A-92A6DF1C72A7}.Release|Any CPU.ActiveCfg = Release|Any CPU
		{C8326867-DDE5-44C9-B59A-92A6DF1C72A7}.Release|Any CPU.Build.0 = Release|Any CPU
	EndGlobalSection
	GlobalSection(SolutionProperties) = preSolution
		HideSolutionNode = FALSE
	EndGlobalSection
	GlobalSection(ExtensibilityGlobals) = postSolution
		SolutionGuid = {D3793EB2-62E7-47E2-B36E-F51D608415D1}
	EndGlobalSection
EndGlobal
